
Microsoft Visual Studio Solution File, Format Version 12.00
# Visual Studio Version 16
VisualStudioVersion = 16.0.33927.289
MinimumVisualStudioVersion = 10.0.40219.1
Project("{FAE04EC0-301F-11D3-BF4B-00C04F79EFBC}") = "Servidor", "Servidor\Servidor.csproj", "{7AF0A050-3332-449F-B24C-C1E3BDB94AC6}"
EndProject
Project("{FAE04EC0-301F-11D3-BF4B-00C04F79EFBC}") = "Cliente", "Cliente\Cliente.csproj", "{77A0ADA1-9492-414C-A228-23136DC5CAED}"
EndProject
Project("{FAE04EC0-301F-11D3-BF4B-00C04F79EFBC}") = "Protocolo", "Protocolo\Protocolo.csproj", "{4DEEA313-17E4-4F96-82A2-EA721295C596}"
EndProject
Global
	GlobalSection(SolutionConfigurationPlatforms) = preSolution
		Debug|Any CPU = Debug|Any CPU
		Release|Any CPU = Release|Any CPU
	EndGlobalSection
	GlobalSection(ProjectConfigurationPlatforms) = postSolution
		{7AF0A050-3332-449F-B24C-C1E3BDB94AC6}.Debug|Any CPU.ActiveCfg = Debug|Any CPU
		{7AF0A050-3332-449F-B24C-C1E3BDB94AC6}.Debug|Any CPU.Build.0 = Debug|Any CPU
		{7AF0A050-3332-449F-B24C-C1E3BDB94AC6}.Release|Any CPU.ActiveCfg = Release|Any CPU
		{7AF0A050-3332-449F-B24C-C1E3BDB94AC6}.Release|Any CPU.Build.0 = Release|Any CPU
		{77A0ADA1-9492-414C-A228-23136DC5CAED}.Debug|Any CPU.ActiveCfg = Debug|Any CPU
		{77A0ADA1-9492-414C-A228-23136DC5CAED}.Debug|Any CPU.Build.0 = Debug|Any CPU
		{77A0ADA1-9492-414C-A228-23136DC5CAED}.Release|Any CPU.ActiveCfg = Release|Any CPU
		{77A0ADA1-9492-414C-A228-23136DC5CAED}.Release|Any CPU.Build.0 = Release|Any CPU
		{4DEEA313-17E4-4F96-82A2-EA721295C596}.Debug|Any CPU.ActiveCfg = Debug|Any CPU
		{4DEEA313-17E4-4F96-82A2-EA721295C596}.Debug|Any CPU.Build.0 = Debug|Any CPU
		{4DEEA313-17E4-4F96-82A2-EA721295C596}.Release|Any CPU.ActiveCfg = Release|Any CPU
		{4DEEA313-17E4-4F96-82A2-EA721295C596}.Release|Any CPU.Build.0 = Release|Any CPU
	EndGlobalSection
	GlobalSection(SolutionProperties) = preSolution
		HideSolutionNode = FALSE
	EndGlobalSection
	GlobalSection(ExtensibilityGlobals) = postSolution
		SolutionGuid = {82FBDA62-C1E1-4CC2-93A5-813FC4C7C277}
	EndGlobalSection
EndGlobal
